// !$*UTF8*$!
{
	archiveVersion = 1;
	classes = {
	};
	objectVersion = 56;
	objects = {

/* Begin PBXBuildFile section */
		773450CA2C887A6400A79848 /* AppDelegate.swift in Sources */ = {isa = PBXBuildFile; fileRef = 773450C92C887A6400A79848 /* AppDelegate.swift */; };
		773450CC2C887A6400A79848 /* SceneDelegate.swift in Sources */ = {isa = PBXBuildFile; fileRef = 773450CB2C887A6400A79848 /* SceneDelegate.swift */; };
		773450CE2C887A6400A79848 /* NSCodingViewController.swift in Sources */ = {isa = PBXBuildFile; fileRef = 773450CD2C887A6400A79848 /* NSCodingViewController.swift */; };
		773450D12C887A6400A79848 /* Base in Resources */ = {isa = PBXBuildFile; fileRef = 773450D02C887A6400A79848 /* Base */; };
		773450D32C887A6500A79848 /* Assets.xcassets in Resources */ = {isa = PBXBuildFile; fileRef = 773450D22C887A6500A79848 /* Assets.xcassets */; };
		773450D62C887A6500A79848 /* Base in Resources */ = {isa = PBXBuildFile; fileRef = 773450D52C887A6500A79848 /* Base */; };
		773450E02C88840A00A79848 /* Person.swift in Sources */ = {isa = PBXBuildFile; fileRef = 773450DF2C88840A00A79848 /* Person.swift */; };
		77FBFF502D259E1C00465069 /* PlistViewController.swift in Sources */ = {isa = PBXBuildFile; fileRef = 77FBFF4F2D259E1C00465069 /* PlistViewController.swift */; };
		77FBFF522D259E3E00465069 /* ViewController.swift in Sources */ = {isa = PBXBuildFile; fileRef = 77FBFF512D259E3900465069 /* ViewController.swift */; };
/* End PBXBuildFile section */

/* Begin PBXFileReference section */
		773450C62C887A6400A79848 /* NSCodingPlistDemo.app */ = {isa = PBXFileReference; explicitFileType = wrapper.application; includeInIndex = 0; path = NSCodingPlistDemo.app; sourceTree = BUILT_PRODUCTS_DIR; };
		773450C92C887A6400A79848 /* AppDelegate.swift */ = {isa = PBXFileReference; lastKnownFileType = sourcecode.swift; path = AppDelegate.swift; sourceTree = "<group>"; };
		773450CB2C887A6400A79848 /* SceneDelegate.swift */ = {isa = PBXFileReference; lastKnownFileType = sourcecode.swift; path = SceneDelegate.swift; sourceTree = "<group>"; };
		773450CD2C887A6400A79848 /* NSCodingViewController.swift */ = {isa = PBXFileReference; lastKnownFileType = sourcecode.swift; path = NSCodingViewController.swift; sourceTree = "<group>"; };
		773450D02C887A6400A79848 /* Base */ = {isa = PBXFileReference; lastKnownFileType = file.storyboard; name = Base; path = Base.lproj/Main.storyboard; sourceTree = "<group>"; };
		773450D22C887A6500A79848 /* Assets.xcassets */ = {isa = PBXFileReference; lastKnownFileType = folder.assetcatalog; path = Assets.xcassets; sourceTree = "<group>"; };
		773450D52C887A6500A79848 /* Base */ = {isa = PBXFileReference; lastKnownFileType = file.storyboard; name = Base; path = Base.lproj/LaunchScreen.storyboard; sourceTree = "<group>"; };
		773450D72C887A6500A79848 /* Info.plist */ = {isa = PBXFileReference; lastKnownFileType = text.plist.xml; path = Info.plist; sourceTree = "<group>"; };
		773450DF2C88840A00A79848 /* Person.swift */ = {isa = PBXFileReference; lastKnownFileType = sourcecode.swift; path = Person.swift; sourceTree = "<group>"; };
		77FBFF4F2D259E1C00465069 /* PlistViewController.swift */ = {isa = PBXFileReference; lastKnownFileType = sourcecode.swift; path = PlistViewController.swift; sourceTree = "<group>"; };
		77FBFF512D259E3900465069 /* ViewController.swift */ = {isa = PBXFileReference; lastKnownFileType = sourcecode.swift; path = ViewController.swift; sourceTree = "<group>"; };
/* End PBXFileReference section */

/* Begin PBXFrameworksBuildPhase section */
		773450C32C887A6400A79848 /* Frameworks */ = {
			isa = PBXFrameworksBuildPhase;
			buildActionMask = 2147483647;
			files = (
			);
			runOnlyForDeploymentPostprocessing = 0;
		};
/* End PBXFrameworksBuildPhase section */

/* Begin PBXGroup section */
		773450BD2C887A6400A79848 = {
			isa = PBXGroup;
			children = (
				773450C82C887A6400A79848 /* NSCodingPlistDemo */,
				773450C72C887A6400A79848 /* Products */,
			);
			sourceTree = "<group>";
		};
		773450C72C887A6400A79848 /* Products */ = {
			isa = PBXGroup;
			children = (
				773450C62C887A6400A79848 /* NSCodingPlistDemo.app */,
			);
			name = Products;
			sourceTree = "<group>";
		};
		773450C82C887A6400A79848 /* NSCodingPlistDemo */ = {
			isa = PBXGroup;
			children = (
				77FBFF512D259E3900465069 /* ViewController.swift */,
				77FBFF4E2D259DE300465069 /* Plist */,
				77FBFF4D2D259DD200465069 /* NSCoding */,
				773450C92C887A6400A79848 /* AppDelegate.swift */,
				773450CB2C887A6400A79848 /* SceneDelegate.swift */,
				773450CF2C887A6400A79848 /* Main.storyboard */,
				773450D22C887A6500A79848 /* Assets.xcassets */,
				773450D42C887A6500A79848 /* LaunchScreen.storyboard */,
				773450D72C887A6500A79848 /* Info.plist */,
			);
			path = NSCodingPlistDemo;
			sourceTree = "<group>";
		};
		77FBFF4D2D259DD200465069 /* NSCoding */ = {
			isa = PBXGroup;
			children = (
				773450CD2C887A6400A79848 /* NSCodingViewController.swift */,
				773450DF2C88840A00A79848 /* Person.swift */,
			);
			path = NSCoding;
			sourceTree = "<group>";
		};
		77FBFF4E2D259DE300465069 /* Plist */ = {
			isa = PBXGroup;
			children = (
				77FBFF4F2D259E1C00465069 /* PlistViewController.swift */,
			);
			path = Plist;
			sourceTree = "<group>";
		};
/* End PBXGroup section */

/* Begin PBXNativeTarget section */
		773450C52C887A6400A79848 /* NSCodingPlistDemo */ = {
			isa = PBXNativeTarget;
			buildConfigurationList = 773450DA2C887A6500A79848 /* Build configuration list for PBXNativeTarget "NSCodingPlistDemo" */;
			buildPhases = (
				773450C22C887A6400A79848 /* Sources */,
				773450C32C887A6400A79848 /* Frameworks */,
				773450C42C887A6400A79848 /* Resources */,
			);
			buildRules = (
			);
			dependencies = (
			);
			name = NSCodingPlistDemo;
			productName = NSCodingDemo;
			productReference = 773450C62C887A6400A79848 /* NSCodingPlistDemo.app */;
			productType = "com.apple.product-type.application";
		};
/* End PBXNativeTarget section */

/* Begin PBXProject section */
		773450BE2C887A6400A79848 /* Project object */ = {
			isa = PBXProject;
			attributes = {
				BuildIndependentTargetsInParallel = 1;
				LastSwiftUpdateCheck = 1540;
				LastUpgradeCheck = 1540;
				TargetAttributes = {
					773450C52C887A6400A79848 = {
						CreatedOnToolsVersion = 15.4;
					};
				};
			};
			buildConfigurationList = 773450C12C887A6400A79848 /* Build configuration list for PBXProject "NSCodingPlistDemo" */;
			compatibilityVersion = "Xcode 14.0";
			developmentRegion = en;
			hasScannedForEncodings = 0;
			knownRegions = (
				en,
				Base,
			);
			mainGroup = 773450BD2C887A6400A79848;
			productRefGroup = 773450C72C887A6400A79848 /* Products */;
			projectDirPath = "";
			projectRoot = "";
			targets = (
				773450C52C887A6400A79848 /* NSCodingPlistDemo */,
			);
		};
/* End PBXProject section */

/* Begin PBXResourcesBuildPhase section */
		773450C42C887A6400A79848 /* Resources */ = {
			isa = PBXResourcesBuildPhase;
			buildActionMask = 2147483647;
			files = (
				773450D32C887A6500A79848 /* Assets.xcassets in Resources */,
				773450D62C887A6500A79848 /* Base in Resources */,
				773450D12C887A6400A79848 /* Base in Resources */,
			);
			runOnlyForDeploymentPostprocessing = 0;
		};
/* End PBXResourcesBuildPhase section */

/* Begin PBXSourcesBuildPhase section */
		773450C22C887A6400A79848 /* Sources */ = {
			isa = PBXSourcesBuildPhase;
			buildActionMask = 2147483647;
			files = (
				77FBFF522D259E3E00465069 /* ViewController.swift in Sources */,
				77FBFF502D259E1C00465069 /* PlistViewController.swift in Sources */,
				773450CE2C887A6400A79848 /* NSCodingViewController.swift in Sources */,
				773450CA2C887A6400A79848 /* AppDelegate.swift in Sources */,
				773450E02C88840A00A79848 /* Person.swift in Sources */,
				773450CC2C887A6400A79848 /* SceneDelegate.swift in Sources */,
			);
			runOnlyForDeploymentPostprocessing = 0;
		};
/* End PBXSourcesBuildPhase section */

/* Begin PBXVariantGroup section */
		773450CF2C887A6400A79848 /* Main.storyboard */ = {
			isa = PBXVariantGroup;
			children = (
				773450D02C887A6400A79848 /* Base */,
			);
			name = Main.storyboard;
			sourceTree = "<group>";
		};
		773450D42C887A6500A79848 /* LaunchScreen.storyboard */ = {
			isa = PBXVariantGroup;
			children = (
				773450D52C887A6500A79848 /* Base */,
			);
			name = LaunchScreen.storyboard;
			sourceTree = "<group>";
		};
/* End PBXVariantGroup section */

/* Begin XCBuildConfiguration section */
		773450D82C887A6500A79848 /* Debug */ = {
			isa = XCBuildConfiguration;
			buildSettings = {
				ALWAYS_SEARCH_USER_PATHS = NO;
				ASSETCATALOG_COMPILER_GENERATE_SWIFT_ASSET_SYMBOL_EXTENSIONS = YES;
				CLANG_ANALYZER_NONNULL = YES;
				CLANG_ANALYZER_NUMBER_OBJECT_CONVERSION = YES_AGGRESSIVE;
				CLANG_CXX_LANGUAGE_STANDARD = "gnu++20";
				CLANG_ENABLE_MODULES = YES;
				CLANG_ENABLE_OBJC_ARC = YES;
				CLANG_ENABLE_OBJC_WEAK = YES;
				CLANG_WARN_BLOCK_CAPTURE_AUTORELEASING = YES;
				CLANG_WARN_BOOL_CONVERSION = YES;
				CLANG_WARN_COMMA = YES;
				CLANG_WARN_CONSTANT_CONVERSION = YES;
				CLANG_WARN_DEPRECATED_OBJC_IMPLEMENTATIONS = YES;
				CLANG_WARN_DIRECT_OBJC_ISA_USAGE = YES_ERROR;
				CLANG_WARN_DOCUMENTATION_COMMENTS = YES;
				CLANG_WARN_EMPTY_BODY = YES;
				CLANG_WARN_ENUM_CONVERSION = YES;
				CLANG_WARN_INFINITE_RECURSION = YES;
				CLANG_WARN_INT_CONVERSION = YES;
				CLANG_WARN_NON_LITERAL_NULL_CONVERSION = YES;
				CLANG_WARN_OBJC_IMPLICIT_RETAIN_SELF = YES;
				CLANG_WARN_OBJC_LITERAL_CONVERSION = YES;
				CLANG_WARN_OBJC_ROOT_CLASS = YES_ERROR;
				CLANG_WARN_QUOTED_INCLUDE_IN_FRAMEWORK_HEADER = YES;
				CLANG_WARN_RANGE_LOOP_ANALYSIS = YES;
				CLANG_WARN_STRICT_PROTOTYPES = YES;
				CLANG_WARN_SUSPICIOUS_MOVE = YES;
				CLANG_WARN_UNGUARDED_AVAILABILITY = YES_AGGRESSIVE;
				CLANG_WARN_UNREACHABLE_CODE = YES;
				CLANG_WARN__DUPLICATE_METHOD_MATCH = YES;
				COPY_PHASE_STRIP = NO;
				DEBUG_INFORMATION_FORMAT = dwarf;
				ENABLE_STRICT_OBJC_MSGSEND = YES;
				ENABLE_TESTABILITY = YES;
				ENABLE_USER_SCRIPT_SANDBOXING = YES;
				GCC_C_LANGUAGE_STANDARD = gnu17;
				GCC_DYNAMIC_NO_PIC = NO;
				GCC_NO_COMMON_BLOCKS = YES;
				GCC_OPTIMIZATION_LEVEL = 0;
				GCC_PREPROCESSOR_DEFINITIONS = (
					"DEBUG=1",
					"$(inherited)",
				);
				GCC_WARN_64_TO_32_BIT_CONVERSION = YES;
				GCC_WARN_ABOUT_RETURN_TYPE = YES_ERROR;
				GCC_WARN_UNDECLARED_SELECTOR = YES;
				GCC_WARN_UNINITIALIZED_AUTOS = YES_AGGRESSIVE;
				GCC_WARN_UNUSED_FUNCTION = YES;
				GCC_WARN_UNUSED_VARIABLE = YES;
				IPHONEOS_DEPLOYMENT_TARGET = 17.5;
				LOCALIZATION_PREFERS_STRING_CATALOGS = YES;
				MTL_ENABLE_DEBUG_INFO = INCLUDE_SOURCE;
				MTL_FAST_MATH = YES;
				ONLY_ACTIVE_ARCH = YES;
				SDKROOT = iphoneos;
				SWIFT_ACTIVE_COMPILATION_CONDITIONS = "DEBUG $(inherited)";
				SWIFT_OPTIMIZATION_LEVEL = "-Onone";
			};
			name = Debug;
		};
		773450D92C887A6500A79848 /* Release */ = {
			isa = XCBuildConfiguration;
			buildSettings = {
				ALWAYS_SEARCH_USER_PATHS = NO;
				ASSETCATALOG_COMPILER_GENERATE_SWIFT_ASSET_SYMBOL_EXTENSIONS = YES;
				CLANG_ANALYZER_NONNULL = YES;
				CLANG_ANALYZER_NUMBER_OBJECT_CONVERSION = YES_AGGRESSIVE;
				CLANG_CXX_LANGUAGE_STANDARD = "gnu++20";
				CLANG_ENABLE_MODULES = YES;
				CLANG_ENABLE_OBJC_ARC = YES;
				CLANG_ENABLE_OBJC_WEAK = YES;
				CLANG_WARN_BLOCK_CAPTURE_AUTORELEASING = YES;
				CLANG_WARN_BOOL_CONVERSION = YES;
				CLANG_WARN_COMMA = YES;
				CLANG_WARN_CONSTANT_CONVERSION = YES;
				CLANG_WARN_DEPRECATED_OBJC_IMPLEMENTATIONS = YES;
				CLANG_WARN_DIRECT_OBJC_ISA_USAGE = YES_ERROR;
				CLANG_WARN_DOCUMENTATION_COMMENTS = YES;
				CLANG_WARN_EMPTY_BODY = YES;
				CLANG_WARN_ENUM_CONVERSION = YES;
				CLANG_WARN_INFINITE_RECURSION = YES;
				CLANG_WARN_INT_CONVERSION = YES;
				CLANG_WARN_NON_LITERAL_NULL_CONVERSION = YES;
				CLANG_WARN_OBJC_IMPLICIT_RETAIN_SELF = YES;
				CLANG_WARN_OBJC_LITERAL_CONVERSION = YES;
				CLANG_WARN_OBJC_ROOT_CLASS = YES_ERROR;
				CLANG_WARN_QUOTED_INCLUDE_IN_FRAMEWORK_HEADER = YES;
				CLANG_WARN_RANGE_LOOP_ANALYSIS = YES;
				CLANG_WARN_STRICT_PROTOTYPES = YES;
				CLANG_WARN_SUSPICIOUS_MOVE = YES;
				CLANG_WARN_UNGUARDED_AVAILABILITY = YES_AGGRESSIVE;
				CLANG_WARN_UNREACHABLE_CODE = YES;
				CLANG_WARN__DUPLICATE_METHOD_MATCH = YES;
				COPY_PHASE_STRIP = NO;
				DEBUG_INFORMATION_FORMAT = "dwarf-with-dsym";
				ENABLE_NS_ASSERTIONS = NO;
				ENABLE_STRICT_OBJC_MSGSEND = YES;
				ENABLE_USER_SCRIPT_SANDBOXING = YES;
				GCC_C_LANGUAGE_STANDARD = gnu17;
				GCC_NO_COMMON_BLOCKS = YES;
				GCC_WARN_64_TO_32_BIT_CONVERSION = YES;
				GCC_WARN_ABOUT_RETURN_TYPE = YES_ERROR;
				GCC_WARN_UNDECLARED_SELECTOR = YES;
				GCC_WARN_UNINITIALIZED_AUTOS = YES_AGGRESSIVE;
				GCC_WARN_UNUSED_FUNCTION = YES;
				GCC_WARN_UNUSED_VARIABLE = YES;
				IPHONEOS_DEPLOYMENT_TARGET = 17.5;
				LOCALIZATION_PREFERS_STRING_CATALOGS = YES;
				MTL_ENABLE_DEBUG_INFO = NO;
				MTL_FAST_MATH = YES;
				SDKROOT = iphoneos;
				SWIFT_COMPILATION_MODE = wholemodule;
				VALIDATE_PRODUCT = YES;
			};
			name = Release;
		};
		773450DB2C887A6500A79848 /* Debug */ = {
			isa = XCBuildConfiguration;
			buildSettings = {
				ASSETCATALOG_COMPILER_APPICON_NAME = AppIcon;
				ASSETCATALOG_COMPILER_GLOBAL_ACCENT_COLOR_NAME = AccentColor;
				CODE_SIGN_STYLE = Automatic;
				CURRENT_PROJECT_VERSION = 1;
				DEVELOPMENT_TEAM = EZGE44PFN4;
				GENERATE_INFOPLIST_FILE = YES;
				INFOPLIST_FILE = NSCodingPlistDemo/Info.plist;
				INFOPLIST_KEY_UIApplicationSupportsIndirectInputEvents = YES;
				INFOPLIST_KEY_UILaunchStoryboardName = LaunchScreen;
				INFOPLIST_KEY_UIMainStoryboardFile = Main;
				INFOPLIST_KEY_UISupportedInterfaceOrientations_iPad = "UIInterfaceOrientationPortrait UIInterfaceOrientationPortraitUpsideDown UIInterfaceOrientationLandscapeLeft UIInterfaceOrientationLandscapeRight";
				INFOPLIST_KEY_UISupportedInterfaceOrientations_iPhone = "UIInterfaceOrientationPortrait UIInterfaceOrientationLandscapeLeft UIInterfaceOrientationLandscapeRight";
				LD_RUNPATH_SEARCH_PATHS = (
					"$(inherited)",
					"@executable_path/Frameworks",
				);
				MARKETING_VERSION = 1.0;
				PRODUCT_BUNDLE_IDENTIFIER = com.msb.NSCodingDemo;
				PRODUCT_NAME = "$(TARGET_NAME)";
				SWIFT_EMIT_LOC_STRINGS = YES;
				SWIFT_VERSION = 5.0;
				TARGETED_DEVICE_FAMILY = "1,2";
			};
			name = Debug;
		};
		773450DC2C887A6500A79848 /* Release */ = {
			isa = XCBuildConfiguration;
			buildSettings = {
				ASSETCATALOG_COMPILER_APPICON_NAME = AppIcon;
				ASSETCATALOG_COMPILER_GLOBAL_ACCENT_COLOR_NAME = AccentColor;
				CODE_SIGN_STYLE = Automatic;
				CURRENT_PROJECT_VERSION = 1;
				DEVELOPMENT_TEAM = EZGE44PFN4;
				GENERATE_INFOPLIST_FILE = YES;
				INFOPLIST_FILE = NSCodingPlistDemo/Info.plist;
				INFOPLIST_KEY_UIApplicationSupportsIndirectInputEvents = YES;
				INFOPLIST_KEY_UILaunchStoryboardName = LaunchScreen;
				INFOPLIST_KEY_UIMainStoryboardFile = Main;
				INFOPLIST_KEY_UISupportedInterfaceOrientations_iPad = "UIInterfaceOrientationPortrait UIInterfaceOrientationPortraitUpsideDown UIInterfaceOrientationLandscapeLeft UIInterfaceOrientationLandscapeRight";
				INFOPLIST_KEY_UISupportedInterfaceOrientations_iPhone = "UIInterfaceOrientationPortrait UIInterfaceOrientationLandscapeLeft UIInterfaceOrientationLandscapeRight";
				LD_RUNPATH_SEARCH_PATHS = (
					"$(inherited)",
					"@executable_path/Frameworks",
				);
				MARKETING_VERSION = 1.0;
				PRODUCT_BUNDLE_IDENTIFIER = com.msb.NSCodingDemo;
				PRODUCT_NAME = "$(TARGET_NAME)";
				SWIFT_EMIT_LOC_STRINGS = YES;
				SWIFT_VERSION = 5.0;
				TARGETED_DEVICE_FAMILY = "1,2";
			};
			name = Release;
		};
/* End XCBuildConfiguration section */

/* Begin XCConfigurationList section */
		773450C12C887A6400A79848 /* Build configuration list for PBXProject "NSCodingPlistDemo" */ = {
			isa = XCConfigurationList;
			buildConfigurations = (
				773450D82C887A6500A79848 /* Debug */,
				773450D92C887A6500A79848 /* Release */,
			);
			defaultConfigurationIsVisible = 0;
			defaultConfigurationName = Release;
		};
		773450DA2C887A6500A79848 /* Build configuration list for PBXNativeTarget "NSCodingPlistDemo" */ = {
			isa = XCConfigurationList;
			buildConfigurations = (
				773450DB2C887A6500A79848 /* Debug */,
				773450DC2C887A6500A79848 /* Release */,
			);
			defaultConfigurationIsVisible = 0;
			defaultConfigurationName = Release;
		};
/* End XCConfigurationList section */
	};
	rootObject = 773450BE2C887A6400A79848 /* Project object */;
}
